# THIS IS AN AUTOGENERATED FILE. DO NOT EDIT THIS FILE DIRECTLY.
# yarn lockfile v1


"@ampproject/remapping@^2.2.0":
  version "2.3.0"
  resolved "https://registry.npmjs.org/@ampproject/remapping/-/remapping-2.3.0.tgz"
  dependencies:
    "@jridgewell/gen-mapping" "^0.3.5"
    "@jridgewell/trace-mapping" "^0.3.24"

"@babel/code-frame@^7.26.2":
  version "7.26.2"
  resolved "https://registry.npmjs.org/@babel/code-frame/-/code-frame-7.26.2.tgz"
  dependencies:
    "@babel/helper-validator-identifier" "^7.25.9"
    js-tokens "^4.0.0"
    picocolors "^1.0.0"

"@babel/compat-data@^7.26.5":
  version "7.26.8"
  resolved "https://registry.npmjs.org/@babel/compat-data/-/compat-data-7.26.8.tgz"

"@babel/core@^7.26.0":
  version "7.26.8"
  resolved "https://registry.npmjs.org/@babel/core/-/core-7.26.8.tgz"
  dependencies:
    "@ampproject/remapping" "^2.2.0"
    "@babel/code-frame" "^7.26.2"
    "@babel/generator" "^7.26.8"
    "@babel/helper-compilation-targets" "^7.26.5"
    "@babel/helper-module-transforms" "^7.26.0"
    "@babel/helpers" "^7.26.7"
    "@babel/parser" "^7.26.8"
    "@babel/template" "^7.26.8"
    "@babel/traverse" "^7.26.8"
    "@babel/types" "^7.26.8"
    "@types/gensync" "^1.0.0"
    convert-source-map "^2.0.0"
    debug "^4.1.0"
    gensync "^1.0.0-beta.2"
    json5 "^2.2.3"
    semver "^6.3.1"

"@babel/generator@^7.26.8":
  version "7.26.8"
  resolved "https://registry.npmjs.org/@babel/generator/-/generator-7.26.8.tgz"
  dependencies:
    "@babel/parser" "^7.26.8"
    "@babel/types" "^7.26.8"
    "@jridgewell/gen-mapping" "^0.3.5"
    "@jridgewell/trace-mapping" "^0.3.25"
    jsesc "^3.0.2"

"@babel/helper-compilation-targets@^7.26.5":
  version "7.26.5"
  resolved "https://registry.npmjs.org/@babel/helper-compilation-targets/-/helper-compilation-targets-7.26.5.tgz"
  dependencies:
    "@babel/compat-data" "^7.26.5"
    "@babel/helper-validator-option" "^7.25.9"
    browserslist "^4.24.0"
    lru-cache "^5.1.1"
    semver "^6.3.1"

"@babel/helper-module-imports@^7.25.9":
  version "7.25.9"
  resolved "https://registry.npmjs.org/@babel/helper-module-imports/-/helper-module-imports-7.25.9.tgz"
  dependencies:
    "@babel/traverse" "^7.25.9"
    "@babel/types" "^7.25.9"

"@babel/helper-module-transforms@^7.26.0":
  version "7.26.0"
  resolved "https://registry.npmjs.org/@babel/helper-module-transforms/-/helper-module-transforms-7.26.0.tgz"
  dependencies:
    "@babel/helper-module-imports" "^7.25.9"
    "@babel/helper-validator-identifier" "^7.25.9"
    "@babel/traverse" "^7.25.9"

"@babel/helper-plugin-utils@^7.25.9":
  version "7.26.5"
  resolved "https://registry.npmjs.org/@babel/helper-plugin-utils/-/helper-plugin-utils-7.26.5.tgz"

"@babel/helper-string-parser@^7.25.9":
  version "7.25.9"
  resolved "https://registry.npmjs.org/@babel/helper-string-parser/-/helper-string-parser-7.25.9.tgz"

"@babel/helper-validator-identifier@^7.25.9":
  version "7.25.9"
  resolved "https://registry.npmjs.org/@babel/helper-validator-identifier/-/helper-validator-identifier-7.25.9.tgz"

"@babel/helper-validator-option@^7.25.9":
  version "7.25.9"
  resolved "https://registry.npmjs.org/@babel/helper-validator-option/-/helper-validator-option-7.25.9.tgz"

"@babel/helpers@^7.26.7":
  version "7.26.7"
  resolved "https://registry.npmjs.org/@babel/helpers/-/helpers-7.26.7.tgz"
  dependencies:
    "@babel/template" "^7.25.9"
    "@babel/types" "^7.26.7"

"@babel/parser@^7.1.0", "@babel/parser@^7.20.7", "@babel/parser@^7.26.8":
  version "7.26.8"
  resolved "https://registry.npmjs.org/@babel/parser/-/parser-7.26.8.tgz"
  dependencies:
    "@babel/types" "^7.26.8"

"@babel/plugin-transform-react-jsx-self@^7.25.9":
  version "7.25.9"
  resolved "https://registry.npmjs.org/@babel/plugin-transform-react-jsx-self/-/plugin-transform-react-jsx-self-7.25.9.tgz"
  dependencies:
    "@babel/helper-plugin-utils" "^7.25.9"

"@babel/plugin-transform-react-jsx-source@^7.25.9":
  version "7.25.9"
  resolved "https://registry.npmjs.org/@babel/plugin-transform-react-jsx-source/-/plugin-transform-react-jsx-source-7.25.9.tgz"
  dependencies:
    "@babel/helper-plugin-utils" "^7.25.9"

"@babel/template@^7.25.9", "@babel/template@^7.26.8":
  version "7.26.8"
  resolved "https://registry.npmjs.org/@babel/template/-/template-7.26.8.tgz"
  dependencies:
    "@babel/code-frame" "^7.26.2"
    "@babel/parser" "^7.26.8"
    "@babel/types" "^7.26.8"

"@babel/traverse@^7.25.9", "@babel/traverse@^7.26.8":
  version "7.26.8"
  resolved "https://registry.npmjs.org/@babel/traverse/-/traverse-7.26.8.tgz"
  dependencies:
    "@babel/code-frame" "^7.26.2"
    "@babel/generator" "^7.26.8"
    "@babel/parser" "^7.26.8"
    "@babel/template" "^7.26.8"
    "@babel/types" "^7.26.8"
    debug "^4.3.1"
    globals "^11.1.0"

"@babel/types@^7.0.0", "@babel/types@^7.20.7", "@babel/types@^7.25.9", "@babel/types@^7.26.7", "@babel/types@^7.26.8":
  version "7.26.8"
  resolved "https://registry.npmjs.org/@babel/types/-/types-7.26.8.tgz"
  dependencies:
    "@babel/helper-string-parser" "^7.25.9"
    "@babel/helper-validator-identifier" "^7.25.9"

"@esbuild/aix-ppc64@0.24.2":
  version "0.24.2"
  resolved "https://registry.yarnpkg.com/@esbuild/aix-ppc64/-/aix-ppc64-0.24.2.tgz#38848d3e25afe842a7943643cbcd387cc6e13461"

"@esbuild/android-arm64@0.24.2":
  version "0.24.2"
  resolved "https://registry.yarnpkg.com/@esbuild/android-arm64/-/android-arm64-0.24.2.tgz#f592957ae8b5643129fa889c79e69cd8669bb894"

"@esbuild/android-arm@0.24.2":
  version "0.24.2"
  resolved "https://registry.yarnpkg.com/@esbuild/android-arm/-/android-arm-0.24.2.tgz#72d8a2063aa630308af486a7e5cbcd1e134335b3"

"@esbuild/android-x64@0.24.2":
  version "0.24.2"
  resolved "https://registry.yarnpkg.com/@esbuild/android-x64/-/android-x64-0.24.2.tgz#9a7713504d5f04792f33be9c197a882b2d88febb"

"@esbuild/darwin-arm64@0.24.2":
  version "0.24.2"
  resolved "https://registry.yarnpkg.com/@esbuild/darwin-arm64/-/darwin-arm64-0.24.2.tgz#02ae04ad8ebffd6e2ea096181b3366816b2b5936"

"@esbuild/darwin-x64@0.24.2":
  version "0.24.2"
  resolved "https://registry.yarnpkg.com/@esbuild/darwin-x64/-/darwin-x64-0.24.2.tgz#9ec312bc29c60e1b6cecadc82bd504d8adaa19e9"

"@esbuild/freebsd-arm64@0.24.2":
  version "0.24.2"
  resolved "https://registry.yarnpkg.com/@esbuild/freebsd-arm64/-/freebsd-arm64-0.24.2.tgz#5e82f44cb4906d6aebf24497d6a068cfc152fa00"

"@esbuild/freebsd-x64@0.24.2":
  version "0.24.2"
  resolved "https://registry.yarnpkg.com/@esbuild/freebsd-x64/-/freebsd-x64-0.24.2.tgz#3fb1ce92f276168b75074b4e51aa0d8141ecce7f"

"@esbuild/linux-arm64@0.24.2":
  version "0.24.2"
  resolved "https://registry.yarnpkg.com/@esbuild/linux-arm64/-/linux-arm64-0.24.2.tgz#856b632d79eb80aec0864381efd29de8fd0b1f43"

"@esbuild/linux-arm@0.24.2":
  version "0.24.2"
  resolved "https://registry.yarnpkg.com/@esbuild/linux-arm/-/linux-arm-0.24.2.tgz#c846b4694dc5a75d1444f52257ccc5659021b736"

"@esbuild/linux-ia32@0.24.2":
  version "0.24.2"
  resolved "https://registry.yarnpkg.com/@esbuild/linux-ia32/-/linux-ia32-0.24.2.tgz#f8a16615a78826ccbb6566fab9a9606cfd4a37d5"

"@esbuild/linux-loong64@0.24.2":
  version "0.24.2"
  resolved "https://registry.yarnpkg.com/@esbuild/linux-loong64/-/linux-loong64-0.24.2.tgz#1c451538c765bf14913512c76ed8a351e18b09fc"

"@esbuild/linux-mips64el@0.24.2":
  version "0.24.2"
  resolved "https://registry.yarnpkg.com/@esbuild/linux-mips64el/-/linux-mips64el-0.24.2.tgz#0846edeefbc3d8d50645c51869cc64401d9239cb"

"@esbuild/linux-ppc64@0.24.2":
  version "0.24.2"
  resolved "https://registry.yarnpkg.com/@esbuild/linux-ppc64/-/linux-ppc64-0.24.2.tgz#8e3fc54505671d193337a36dfd4c1a23b8a41412"

"@esbuild/linux-riscv64@0.24.2":
  version "0.24.2"
  resolved "https://registry.yarnpkg.com/@esbuild/linux-riscv64/-/linux-riscv64-0.24.2.tgz#6a1e92096d5e68f7bb10a0d64bb5b6d1daf9a694"

"@esbuild/linux-s390x@0.24.2":
  version "0.24.2"
  resolved "https://registry.yarnpkg.com/@esbuild/linux-s390x/-/linux-s390x-0.24.2.tgz#ab18e56e66f7a3c49cb97d337cd0a6fea28a8577"

"@esbuild/linux-x64@0.24.2":
  version "0.24.2"
  resolved "https://registry.yarnpkg.com/@esbuild/linux-x64/-/linux-x64-0.24.2.tgz#8140c9b40da634d380b0b29c837a0b4267aff38f"

"@esbuild/netbsd-arm64@0.24.2":
  version "0.24.2"
  resolved "https://registry.yarnpkg.com/@esbuild/netbsd-arm64/-/netbsd-arm64-0.24.2.tgz#65f19161432bafb3981f5f20a7ff45abb2e708e6"

"@esbuild/netbsd-x64@0.24.2":
  version "0.24.2"
  resolved "https://registry.yarnpkg.com/@esbuild/netbsd-x64/-/netbsd-x64-0.24.2.tgz#7a3a97d77abfd11765a72f1c6f9b18f5396bcc40"

"@esbuild/openbsd-arm64@0.24.2":
  version "0.24.2"
  resolved "https://registry.yarnpkg.com/@esbuild/openbsd-arm64/-/openbsd-arm64-0.24.2.tgz#58b00238dd8f123bfff68d3acc53a6ee369af89f"

"@esbuild/openbsd-x64@0.24.2":
  version "0.24.2"
  resolved "https://registry.yarnpkg.com/@esbuild/openbsd-x64/-/openbsd-x64-0.24.2.tgz#0ac843fda0feb85a93e288842936c21a00a8a205"

"@esbuild/sunos-x64@0.24.2":
  version "0.24.2"
  resolved "https://registry.yarnpkg.com/@esbuild/sunos-x64/-/sunos-x64-0.24.2.tgz#8b7aa895e07828d36c422a4404cc2ecf27fb15c6"

"@esbuild/win32-arm64@0.24.2":
  version "0.24.2"
  resolved "https://registry.yarnpkg.com/@esbuild/win32-arm64/-/win32-arm64-0.24.2.tgz#c023afb647cabf0c3ed13f0eddfc4f1d61c66a85"

"@esbuild/win32-ia32@0.24.2":
  version "0.24.2"
  resolved "https://registry.yarnpkg.com/@esbuild/win32-ia32/-/win32-ia32-0.24.2.tgz#96c356132d2dda990098c8b8b951209c3cd743c2"

"@esbuild/win32-x64@0.24.2":
  version "0.24.2"
  resolved "https://registry.npmjs.org/@esbuild/win32-x64/-/win32-x64-0.24.2.tgz"

"@floating-ui/core@^1.6.0":
  version "1.6.9"
  resolved "https://registry.npmjs.org/@floating-ui/core/-/core-1.6.9.tgz"
  dependencies:
    "@floating-ui/utils" "^0.2.9"

"@floating-ui/dom@^1.0.0":
  version "1.6.13"
  resolved "https://registry.npmjs.org/@floating-ui/dom/-/dom-1.6.13.tgz"
  dependencies:
    "@floating-ui/core" "^1.6.0"
    "@floating-ui/utils" "^0.2.9"

"@floating-ui/react-dom@^2.0.0":
  version "2.1.2"
  resolved "https://registry.npmjs.org/@floating-ui/react-dom/-/react-dom-2.1.2.tgz"
  dependencies:
    "@floating-ui/dom" "^1.0.0"

"@floating-ui/utils@^0.2.9":
  version "0.2.9"
  resolved "https://registry.npmjs.org/@floating-ui/utils/-/utils-0.2.9.tgz"

"@hookform/resolvers@^4.0.0":
  version "4.0.0"
  resolved "https://registry.npmjs.org/@hookform/resolvers/-/resolvers-4.0.0.tgz"

"@jridgewell/gen-mapping@^0.3.5":
  version "0.3.8"
  resolved "https://registry.npmjs.org/@jridgewell/gen-mapping/-/gen-mapping-0.3.8.tgz"
  dependencies:
    "@jridgewell/set-array" "^1.2.1"
    "@jridgewell/sourcemap-codec" "^1.4.10"
    "@jridgewell/trace-mapping" "^0.3.24"

"@jridgewell/resolve-uri@^3.1.0":
  version "3.1.2"
  resolved "https://registry.npmjs.org/@jridgewell/resolve-uri/-/resolve-uri-3.1.2.tgz"

"@jridgewell/set-array@^1.2.1":
  version "1.2.1"
  resolved "https://registry.npmjs.org/@jridgewell/set-array/-/set-array-1.2.1.tgz"

"@jridgewell/sourcemap-codec@^1.4.10", "@jridgewell/sourcemap-codec@^1.4.14":
  version "1.5.0"
  resolved "https://registry.npmjs.org/@jridgewell/sourcemap-codec/-/sourcemap-codec-1.5.0.tgz"

"@jridgewell/trace-mapping@^0.3.24", "@jridgewell/trace-mapping@^0.3.25":
  version "0.3.25"
  resolved "https://registry.npmjs.org/@jridgewell/trace-mapping/-/trace-mapping-0.3.25.tgz"
  dependencies:
    "@jridgewell/resolve-uri" "^3.1.0"
    "@jridgewell/sourcemap-codec" "^1.4.14"

"@radix-ui/primitive@1.1.1":
  version "1.1.1"
  resolved "https://registry.npmjs.org/@radix-ui/primitive/-/primitive-1.1.1.tgz"

"@radix-ui/react-arrow@1.1.2":
  version "1.1.2"
  resolved "https://registry.npmjs.org/@radix-ui/react-arrow/-/react-arrow-1.1.2.tgz"
  dependencies:
    "@radix-ui/react-primitive" "2.0.2"

"@radix-ui/react-checkbox@^1.1.4":
  version "1.1.4"
  resolved "https://registry.npmjs.org/@radix-ui/react-checkbox/-/react-checkbox-1.1.4.tgz"
  dependencies:
    "@radix-ui/primitive" "1.1.1"
    "@radix-ui/react-compose-refs" "1.1.1"
    "@radix-ui/react-context" "1.1.1"
    "@radix-ui/react-presence" "1.1.2"
    "@radix-ui/react-primitive" "2.0.2"
    "@radix-ui/react-use-controllable-state" "1.1.0"
    "@radix-ui/react-use-previous" "1.1.0"
    "@radix-ui/react-use-size" "1.1.0"

"@radix-ui/react-collection@1.1.2":
  version "1.1.2"
  resolved "https://registry.npmjs.org/@radix-ui/react-collection/-/react-collection-1.1.2.tgz"
  dependencies:
    "@radix-ui/react-compose-refs" "1.1.1"
    "@radix-ui/react-context" "1.1.1"
    "@radix-ui/react-primitive" "2.0.2"
    "@radix-ui/react-slot" "1.1.2"

"@radix-ui/react-compose-refs@1.1.1":
  version "1.1.1"
  resolved "https://registry.npmjs.org/@radix-ui/react-compose-refs/-/react-compose-refs-1.1.1.tgz"

"@radix-ui/react-context@1.1.1":
  version "1.1.1"
  resolved "https://registry.npmjs.org/@radix-ui/react-context/-/react-context-1.1.1.tgz"

"@radix-ui/react-dialog@^1.1.6":
  version "1.1.6"
  resolved "https://registry.npmjs.org/@radix-ui/react-dialog/-/react-dialog-1.1.6.tgz"
  dependencies:
    "@radix-ui/primitive" "1.1.1"
    "@radix-ui/react-compose-refs" "1.1.1"
    "@radix-ui/react-context" "1.1.1"
    "@radix-ui/react-dismissable-layer" "1.1.5"
    "@radix-ui/react-focus-guards" "1.1.1"
    "@radix-ui/react-focus-scope" "1.1.2"
    "@radix-ui/react-id" "1.1.0"
    "@radix-ui/react-portal" "1.1.4"
    "@radix-ui/react-presence" "1.1.2"
    "@radix-ui/react-primitive" "2.0.2"
    "@radix-ui/react-slot" "1.1.2"
    "@radix-ui/react-use-controllable-state" "1.1.0"
    aria-hidden "^1.2.4"
    react-remove-scroll "^2.6.3"

"@radix-ui/react-direction@1.1.0":
  version "1.1.0"
  resolved "https://registry.npmjs.org/@radix-ui/react-direction/-/react-direction-1.1.0.tgz"

"@radix-ui/react-dismissable-layer@1.1.5":
  version "1.1.5"
  resolved "https://registry.npmjs.org/@radix-ui/react-dismissable-layer/-/react-dismissable-layer-1.1.5.tgz"
  dependencies:
    "@radix-ui/primitive" "1.1.1"
    "@radix-ui/react-compose-refs" "1.1.1"
    "@radix-ui/react-primitive" "2.0.2"
    "@radix-ui/react-use-callback-ref" "1.1.0"
    "@radix-ui/react-use-escape-keydown" "1.1.0"

"@radix-ui/react-focus-guards@1.1.1":
  version "1.1.1"
  resolved "https://registry.npmjs.org/@radix-ui/react-focus-guards/-/react-focus-guards-1.1.1.tgz"

"@radix-ui/react-focus-scope@1.1.2":
  version "1.1.2"
  resolved "https://registry.npmjs.org/@radix-ui/react-focus-scope/-/react-focus-scope-1.1.2.tgz"
  dependencies:
    "@radix-ui/react-compose-refs" "1.1.1"
    "@radix-ui/react-primitive" "2.0.2"
    "@radix-ui/react-use-callback-ref" "1.1.0"

"@radix-ui/react-id@1.1.0":
  version "1.1.0"
  resolved "https://registry.npmjs.org/@radix-ui/react-id/-/react-id-1.1.0.tgz"
  dependencies:
    "@radix-ui/react-use-layout-effect" "1.1.0"

"@radix-ui/react-label@^2.1.2":
  version "2.1.2"
  resolved "https://registry.npmjs.org/@radix-ui/react-label/-/react-label-2.1.2.tgz"
  dependencies:
    "@radix-ui/react-primitive" "2.0.2"

"@radix-ui/react-popper@1.2.2":
  version "1.2.2"
  resolved "https://registry.npmjs.org/@radix-ui/react-popper/-/react-popper-1.2.2.tgz"
  dependencies:
    "@floating-ui/react-dom" "^2.0.0"
    "@radix-ui/react-arrow" "1.1.2"
    "@radix-ui/react-compose-refs" "1.1.1"
    "@radix-ui/react-context" "1.1.1"
    "@radix-ui/react-primitive" "2.0.2"
    "@radix-ui/react-use-callback-ref" "1.1.0"
    "@radix-ui/react-use-layout-effect" "1.1.0"
    "@radix-ui/react-use-rect" "1.1.0"
    "@radix-ui/react-use-size" "1.1.0"
    "@radix-ui/rect" "1.1.0"

"@radix-ui/react-portal@1.1.4":
  version "1.1.4"
  resolved "https://registry.npmjs.org/@radix-ui/react-portal/-/react-portal-1.1.4.tgz"
  dependencies:
    "@radix-ui/react-primitive" "2.0.2"
    "@radix-ui/react-use-layout-effect" "1.1.0"

"@radix-ui/react-presence@1.1.2":
  version "1.1.2"
  resolved "https://registry.npmjs.org/@radix-ui/react-presence/-/react-presence-1.1.2.tgz"
  dependencies:
    "@radix-ui/react-compose-refs" "1.1.1"
    "@radix-ui/react-use-layout-effect" "1.1.0"

"@radix-ui/react-primitive@2.0.2":
  version "2.0.2"
  resolved "https://registry.npmjs.org/@radix-ui/react-primitive/-/react-primitive-2.0.2.tgz"
  dependencies:
    "@radix-ui/react-slot" "1.1.2"

"@radix-ui/react-radio-group@^1.2.3":
  version "1.2.3"
  resolved "https://registry.npmjs.org/@radix-ui/react-radio-group/-/react-radio-group-1.2.3.tgz"
  dependencies:
    "@radix-ui/primitive" "1.1.1"
    "@radix-ui/react-compose-refs" "1.1.1"
    "@radix-ui/react-context" "1.1.1"
    "@radix-ui/react-direction" "1.1.0"
    "@radix-ui/react-presence" "1.1.2"
    "@radix-ui/react-primitive" "2.0.2"
    "@radix-ui/react-roving-focus" "1.1.2"
    "@radix-ui/react-use-controllable-state" "1.1.0"
    "@radix-ui/react-use-previous" "1.1.0"
    "@radix-ui/react-use-size" "1.1.0"

"@radix-ui/react-roving-focus@1.1.2":
  version "1.1.2"
  resolved "https://registry.npmjs.org/@radix-ui/react-roving-focus/-/react-roving-focus-1.1.2.tgz"
  dependencies:
    "@radix-ui/primitive" "1.1.1"
    "@radix-ui/react-collection" "1.1.2"
    "@radix-ui/react-compose-refs" "1.1.1"
    "@radix-ui/react-context" "1.1.1"
    "@radix-ui/react-direction" "1.1.0"
    "@radix-ui/react-id" "1.1.0"
    "@radix-ui/react-primitive" "2.0.2"
    "@radix-ui/react-use-callback-ref" "1.1.0"
    "@radix-ui/react-use-controllable-state" "1.1.0"

"@radix-ui/react-slot@1.1.2", "@radix-ui/react-slot@^1.1.2":
  version "1.1.2"
  resolved "https://registry.npmjs.org/@radix-ui/react-slot/-/react-slot-1.1.2.tgz"
  dependencies:
    "@radix-ui/react-compose-refs" "1.1.1"

"@radix-ui/react-tooltip@^1.1.8":
  version "1.1.8"
  resolved "https://registry.npmjs.org/@radix-ui/react-tooltip/-/react-tooltip-1.1.8.tgz"
  dependencies:
    "@radix-ui/primitive" "1.1.1"
    "@radix-ui/react-compose-refs" "1.1.1"
    "@radix-ui/react-context" "1.1.1"
    "@radix-ui/react-dismissable-layer" "1.1.5"
    "@radix-ui/react-id" "1.1.0"
    "@radix-ui/react-popper" "1.2.2"
    "@radix-ui/react-portal" "1.1.4"
    "@radix-ui/react-presence" "1.1.2"
    "@radix-ui/react-primitive" "2.0.2"
    "@radix-ui/react-slot" "1.1.2"
    "@radix-ui/react-use-controllable-state" "1.1.0"
    "@radix-ui/react-visually-hidden" "1.1.2"

"@radix-ui/react-use-callback-ref@1.1.0":
  version "1.1.0"
  resolved "https://registry.npmjs.org/@radix-ui/react-use-callback-ref/-/react-use-callback-ref-1.1.0.tgz"

"@radix-ui/react-use-controllable-state@1.1.0":
  version "1.1.0"
  resolved "https://registry.npmjs.org/@radix-ui/react-use-controllable-state/-/react-use-controllable-state-1.1.0.tgz"
  dependencies:
    "@radix-ui/react-use-callback-ref" "1.1.0"

"@radix-ui/react-use-escape-keydown@1.1.0":
  version "1.1.0"
  resolved "https://registry.npmjs.org/@radix-ui/react-use-escape-keydown/-/react-use-escape-keydown-1.1.0.tgz"
  dependencies:
    "@radix-ui/react-use-callback-ref" "1.1.0"

"@radix-ui/react-use-layout-effect@1.1.0":
  version "1.1.0"
  resolved "https://registry.npmjs.org/@radix-ui/react-use-layout-effect/-/react-use-layout-effect-1.1.0.tgz"

"@radix-ui/react-use-previous@1.1.0":
  version "1.1.0"
  resolved "https://registry.npmjs.org/@radix-ui/react-use-previous/-/react-use-previous-1.1.0.tgz"

"@radix-ui/react-use-rect@1.1.0":
  version "1.1.0"
  resolved "https://registry.npmjs.org/@radix-ui/react-use-rect/-/react-use-rect-1.1.0.tgz"
  dependencies:
    "@radix-ui/rect" "1.1.0"

"@radix-ui/react-use-size@1.1.0":
  version "1.1.0"
  resolved "https://registry.npmjs.org/@radix-ui/react-use-size/-/react-use-size-1.1.0.tgz"
  dependencies:
    "@radix-ui/react-use-layout-effect" "1.1.0"

"@radix-ui/react-visually-hidden@1.1.2":
  version "1.1.2"
  resolved "https://registry.npmjs.org/@radix-ui/react-visually-hidden/-/react-visually-hidden-1.1.2.tgz"
  dependencies:
    "@radix-ui/react-primitive" "2.0.2"

"@radix-ui/rect@1.1.0":
  version "1.1.0"
  resolved "https://registry.npmjs.org/@radix-ui/rect/-/rect-1.1.0.tgz"

"@rollup/rollup-android-arm-eabi@4.34.6":
  version "4.34.6"
  resolved "https://registry.yarnpkg.com/@rollup/rollup-android-arm-eabi/-/rollup-android-arm-eabi-4.34.6.tgz#9b726b4dcafb9332991e9ca49d54bafc71d9d87f"

"@rollup/rollup-android-arm64@4.34.6":
  version "4.34.6"
  resolved "https://registry.yarnpkg.com/@rollup/rollup-android-arm64/-/rollup-android-arm64-4.34.6.tgz#88326ff46168a47851077ca0bf0c442689ec088f"

"@rollup/rollup-darwin-arm64@4.34.6":
  version "4.34.6"
  resolved "https://registry.yarnpkg.com/@rollup/rollup-darwin-arm64/-/rollup-darwin-arm64-4.34.6.tgz#b8fbcc9389bc6fad3334a1d16dbeaaa5637c5772"

"@rollup/rollup-darwin-x64@4.34.6":
  version "4.34.6"
  resolved "https://registry.yarnpkg.com/@rollup/rollup-darwin-x64/-/rollup-darwin-x64-4.34.6.tgz#1aa2bcad84c0fb5902e945d88822e17a4f661d51"

"@rollup/rollup-freebsd-arm64@4.34.6":
  version "4.34.6"
  resolved "https://registry.yarnpkg.com/@rollup/rollup-freebsd-arm64/-/rollup-freebsd-arm64-4.34.6.tgz#29c54617e0929264dcb6416597d6d7481696e49f"

"@rollup/rollup-freebsd-x64@4.34.6":
  version "4.34.6"
  resolved "https://registry.yarnpkg.com/@rollup/rollup-freebsd-x64/-/rollup-freebsd-x64-4.34.6.tgz#a8b58ab7d31882559d93f2d1b5863d9e4b4b2678"

"@rollup/rollup-linux-arm-gnueabihf@4.34.6":
  version "4.34.6"
  resolved "https://registry.yarnpkg.com/@rollup/rollup-linux-arm-gnueabihf/-/rollup-linux-arm-gnueabihf-4.34.6.tgz#a844e1978c8b9766b169ecb1cb5cc0d8a3f05930"

"@rollup/rollup-linux-arm-musleabihf@4.34.6":
  version "4.34.6"
  resolved "https://registry.yarnpkg.com/@rollup/rollup-linux-arm-musleabihf/-/rollup-linux-arm-musleabihf-4.34.6.tgz#6b44c3b7257985d71b087fcb4ef01325e2fff201"

"@rollup/rollup-linux-arm64-gnu@4.34.6":
  version "4.34.6"
  resolved "https://registry.yarnpkg.com/@rollup/rollup-linux-arm64-gnu/-/rollup-linux-arm64-gnu-4.34.6.tgz#ebb499cf1720115256d0c9ae7598c90cc2251bc5"

"@rollup/rollup-linux-arm64-musl@4.34.6":
  version "4.34.6"
  resolved "https://registry.yarnpkg.com/@rollup/rollup-linux-arm64-musl/-/rollup-linux-arm64-musl-4.34.6.tgz#9658221b59d9e5643348f9a52fa5ef35b4dc07b1"

"@rollup/rollup-linux-loongarch64-gnu@4.34.6":
  version "4.34.6"
  resolved "https://registry.yarnpkg.com/@rollup/rollup-linux-loongarch64-gnu/-/rollup-linux-loongarch64-gnu-4.34.6.tgz#19418cc57579a5655af2d850a89d74b3f7e9aa92"

"@rollup/rollup-linux-powerpc64le-gnu@4.34.6":
  version "4.34.6"
  resolved "https://registry.yarnpkg.com/@rollup/rollup-linux-powerpc64le-gnu/-/rollup-linux-powerpc64le-gnu-4.34.6.tgz#fe0bce7778cb6ce86898c781f3f11369d1a4952c"

"@rollup/rollup-linux-riscv64-gnu@4.34.6":
  version "4.34.6"
  resolved "https://registry.yarnpkg.com/@rollup/rollup-linux-riscv64-gnu/-/rollup-linux-riscv64-gnu-4.34.6.tgz#9c158360abf6e6f7794285642ba0898c580291f6"

"@rollup/rollup-linux-s390x-gnu@4.34.6":
  version "4.34.6"
  resolved "https://registry.yarnpkg.com/@rollup/rollup-linux-s390x-gnu/-/rollup-linux-s390x-gnu-4.34.6.tgz#f9113498d22962baacdda008b5587d568b05aa34"

"@rollup/rollup-linux-x64-gnu@4.34.6":
  version "4.34.6"
  resolved "https://registry.yarnpkg.com/@rollup/rollup-linux-x64-gnu/-/rollup-linux-x64-gnu-4.34.6.tgz#aec8d4cdf911cd869a72b8bd00833cb426664e0c"

"@rollup/rollup-linux-x64-musl@4.34.6":
  version "4.34.6"
  resolved "https://registry.yarnpkg.com/@rollup/rollup-linux-x64-musl/-/rollup-linux-x64-musl-4.34.6.tgz#61c0a146bdd1b5e0dcda33690dd909b321d8f20f"

"@rollup/rollup-win32-arm64-msvc@4.34.6":
  version "4.34.6"
  resolved "https://registry.yarnpkg.com/@rollup/rollup-win32-arm64-msvc/-/rollup-win32-arm64-msvc-4.34.6.tgz#c6c5bf290a3a459c18871110bc2e7009ce35b15a"

"@rollup/rollup-win32-ia32-msvc@4.34.6":
  version "4.34.6"
  resolved "https://registry.yarnpkg.com/@rollup/rollup-win32-ia32-msvc/-/rollup-win32-ia32-msvc-4.34.6.tgz#16ca6bdadc9e054818b9c51f8dac82f6b8afab81"

"@rollup/rollup-win32-x64-msvc@4.34.6":
  version "4.34.6"
  resolved "https://registry.npmjs.org/@rollup/rollup-win32-x64-msvc/-/rollup-win32-x64-msvc-4.34.6.tgz"

"@tailwindcss/node@^4.0.6":
  version "4.0.6"
  resolved "https://registry.npmjs.org/@tailwindcss/node/-/node-4.0.6.tgz"
  dependencies:
    enhanced-resolve "^5.18.0"
    jiti "^2.4.2"
    tailwindcss "4.0.6"

"@tailwindcss/oxide-android-arm64@4.0.6":
  version "4.0.6"
  resolved "https://registry.yarnpkg.com/@tailwindcss/oxide-android-arm64/-/oxide-android-arm64-4.0.6.tgz#0dbee5042870ceaf756829c48c1e6ddacbb4b35b"

"@tailwindcss/oxide-darwin-arm64@4.0.6":
  version "4.0.6"
  resolved "https://registry.yarnpkg.com/@tailwindcss/oxide-darwin-arm64/-/oxide-darwin-arm64-4.0.6.tgz#9b5574626464b2ba658a7ecf689a4a835dc97369"

"@tailwindcss/oxide-darwin-x64@4.0.6":
  version "4.0.6"
  resolved "https://registry.yarnpkg.com/@tailwindcss/oxide-darwin-x64/-/oxide-darwin-x64-4.0.6.tgz#576b9fcd422790371efdb9e3733862759e76639c"

"@tailwindcss/oxide-freebsd-x64@4.0.6":
  version "4.0.6"
  resolved "https://registry.yarnpkg.com/@tailwindcss/oxide-freebsd-x64/-/oxide-freebsd-x64-4.0.6.tgz#787421ebad9460a7ff4a17ca7d1c495579db00ae"

"@tailwindcss/oxide-linux-arm-gnueabihf@4.0.6":
  version "4.0.6"
  resolved "https://registry.yarnpkg.com/@tailwindcss/oxide-linux-arm-gnueabihf/-/oxide-linux-arm-gnueabihf-4.0.6.tgz#07872b2a1d4404a9819788ca5e8384d42a4004fd"

"@tailwindcss/oxide-linux-arm64-gnu@4.0.6":
  version "4.0.6"
  resolved "https://registry.yarnpkg.com/@tailwindcss/oxide-linux-arm64-gnu/-/oxide-linux-arm64-gnu-4.0.6.tgz#fd314d294aec5f40c19c5fd09d448b23628dc384"

"@tailwindcss/oxide-linux-arm64-musl@4.0.6":
  version "4.0.6"
  resolved "https://registry.yarnpkg.com/@tailwindcss/oxide-linux-arm64-musl/-/oxide-linux-arm64-musl-4.0.6.tgz#67b74205d72d3a83e6893adf5b35ac55118e0ebc"

"@tailwindcss/oxide-linux-x64-gnu@4.0.6":
  version "4.0.6"
  resolved "https://registry.yarnpkg.com/@tailwindcss/oxide-linux-x64-gnu/-/oxide-linux-x64-gnu-4.0.6.tgz#2268beea15f18adcaa83c0e6540d3ee464130082"

"@tailwindcss/oxide-linux-x64-musl@4.0.6":
  version "4.0.6"
  resolved "https://registry.yarnpkg.com/@tailwindcss/oxide-linux-x64-musl/-/oxide-linux-x64-musl-4.0.6.tgz#869b49cc783eabe7c33283abe23aafd35b4dd645"

"@tailwindcss/oxide-win32-arm64-msvc@4.0.6":
  version "4.0.6"
  resolved "https://registry.yarnpkg.com/@tailwindcss/oxide-win32-arm64-msvc/-/oxide-win32-arm64-msvc-4.0.6.tgz#c7e3650b19a24bbebc9d513f188e1d75e1fccf2a"

"@tailwindcss/oxide-win32-x64-msvc@4.0.6":
  version "4.0.6"
  resolved "https://registry.npmjs.org/@tailwindcss/oxide-win32-x64-msvc/-/oxide-win32-x64-msvc-4.0.6.tgz"

"@tailwindcss/oxide@^4.0.6":
  version "4.0.6"
  resolved "https://registry.npmjs.org/@tailwindcss/oxide/-/oxide-4.0.6.tgz"
  optionalDependencies:
    "@tailwindcss/oxide-android-arm64" "4.0.6"
    "@tailwindcss/oxide-darwin-arm64" "4.0.6"
    "@tailwindcss/oxide-darwin-x64" "4.0.6"
    "@tailwindcss/oxide-freebsd-x64" "4.0.6"
    "@tailwindcss/oxide-linux-arm-gnueabihf" "4.0.6"
    "@tailwindcss/oxide-linux-arm64-gnu" "4.0.6"
    "@tailwindcss/oxide-linux-arm64-musl" "4.0.6"
    "@tailwindcss/oxide-linux-x64-gnu" "4.0.6"
    "@tailwindcss/oxide-linux-x64-musl" "4.0.6"
    "@tailwindcss/oxide-win32-arm64-msvc" "4.0.6"
    "@tailwindcss/oxide-win32-x64-msvc" "4.0.6"

"@tailwindcss/vite@^4.0.6":
  version "4.0.6"
  resolved "https://registry.npmjs.org/@tailwindcss/vite/-/vite-4.0.6.tgz"
  dependencies:
    "@tailwindcss/node" "^4.0.6"
    "@tailwindcss/oxide" "^4.0.6"
    lightningcss "^1.29.1"
    tailwindcss "4.0.6"

"@tauri-apps/api@^2", "@tauri-apps/api@^2.0.0":
  version "2.2.0"
  resolved "https://registry.npmjs.org/@tauri-apps/api/-/api-2.2.0.tgz"

"@tauri-apps/cli-darwin-arm64@2.2.7":
  version "2.2.7"
  resolved "https://registry.yarnpkg.com/@tauri-apps/cli-darwin-arm64/-/cli-darwin-arm64-2.2.7.tgz#42ec056eb19309aa50b11c9568b6c0e6637f41ca"

"@tauri-apps/cli-darwin-x64@2.2.7":
  version "2.2.7"
  resolved "https://registry.yarnpkg.com/@tauri-apps/cli-darwin-x64/-/cli-darwin-x64-2.2.7.tgz#60cb5806e7bec9af2e22ae38a6bd2a769b0a61b0"

"@tauri-apps/cli-linux-arm-gnueabihf@2.2.7":
  version "2.2.7"
  resolved "https://registry.yarnpkg.com/@tauri-apps/cli-linux-arm-gnueabihf/-/cli-linux-arm-gnueabihf-2.2.7.tgz#451029b68b50486e0553adf1a45cbd27c00eb3f9"

"@tauri-apps/cli-linux-arm64-gnu@2.2.7":
  version "2.2.7"
  resolved "https://registry.yarnpkg.com/@tauri-apps/cli-linux-arm64-gnu/-/cli-linux-arm64-gnu-2.2.7.tgz#74f28cc303b0f476209c6117325fc235a3d5ad0f"

"@tauri-apps/cli-linux-arm64-musl@2.2.7":
  version "2.2.7"
  resolved "https://registry.yarnpkg.com/@tauri-apps/cli-linux-arm64-musl/-/cli-linux-arm64-musl-2.2.7.tgz#c51890295186395effd2a751739b88c9689eea6c"

"@tauri-apps/cli-linux-x64-gnu@2.2.7":
  version "2.2.7"
  resolved "https://registry.yarnpkg.com/@tauri-apps/cli-linux-x64-gnu/-/cli-linux-x64-gnu-2.2.7.tgz#14959a065858dcc6bff87ca8eb4525b071ab4ffe"

"@tauri-apps/cli-linux-x64-musl@2.2.7":
  version "2.2.7"
  resolved "https://registry.yarnpkg.com/@tauri-apps/cli-linux-x64-musl/-/cli-linux-x64-musl-2.2.7.tgz#6199c671d760b39c75ad13228cc422fadbbd0b15"

"@tauri-apps/cli-win32-arm64-msvc@2.2.7":
  version "2.2.7"
  resolved "https://registry.yarnpkg.com/@tauri-apps/cli-win32-arm64-msvc/-/cli-win32-arm64-msvc-2.2.7.tgz#e83f3efda339f8315a54c6b3a105bb16c1d78d66"

"@tauri-apps/cli-win32-ia32-msvc@2.2.7":
  version "2.2.7"
  resolved "https://registry.yarnpkg.com/@tauri-apps/cli-win32-ia32-msvc/-/cli-win32-ia32-msvc-2.2.7.tgz#6e9cdc615cf1f86469e067e65493a85470c4d6c7"

"@tauri-apps/cli-win32-x64-msvc@2.2.7":
  version "2.2.7"
  resolved "https://registry.npmjs.org/@tauri-apps/cli-win32-x64-msvc/-/cli-win32-x64-msvc-2.2.7.tgz"

"@tauri-apps/cli@^2":
  version "2.2.7"
  resolved "https://registry.npmjs.org/@tauri-apps/cli/-/cli-2.2.7.tgz"
  optionalDependencies:
    "@tauri-apps/cli-darwin-arm64" "2.2.7"
    "@tauri-apps/cli-darwin-x64" "2.2.7"
    "@tauri-apps/cli-linux-arm-gnueabihf" "2.2.7"
    "@tauri-apps/cli-linux-arm64-gnu" "2.2.7"
    "@tauri-apps/cli-linux-arm64-musl" "2.2.7"
    "@tauri-apps/cli-linux-x64-gnu" "2.2.7"
    "@tauri-apps/cli-linux-x64-musl" "2.2.7"
    "@tauri-apps/cli-win32-arm64-msvc" "2.2.7"
    "@tauri-apps/cli-win32-ia32-msvc" "2.2.7"
    "@tauri-apps/cli-win32-x64-msvc" "2.2.7"

"@tauri-apps/plugin-clipboard-manager@~2":
  version "2.2.1"
  resolved "https://registry.npmjs.org/@tauri-apps/plugin-clipboard-manager/-/plugin-clipboard-manager-2.2.1.tgz"
  dependencies:
    "@tauri-apps/api" "^2.0.0"

"@tauri-apps/plugin-opener@^2":
  version "2.2.5"
  resolved "https://registry.npmjs.org/@tauri-apps/plugin-opener/-/plugin-opener-2.2.5.tgz"
  dependencies:
    "@tauri-apps/api" "^2.0.0"

"@types/babel__core@^7.20.5":
  version "7.20.5"
  resolved "https://registry.npmjs.org/@types/babel__core/-/babel__core-7.20.5.tgz"
  dependencies:
    "@babel/parser" "^7.20.7"
    "@babel/types" "^7.20.7"
    "@types/babel__generator" "*"
    "@types/babel__template" "*"
    "@types/babel__traverse" "*"

"@types/babel__generator@*":
  version "7.6.8"
  resolved "https://registry.npmjs.org/@types/babel__generator/-/babel__generator-7.6.8.tgz"
  dependencies:
    "@babel/types" "^7.0.0"

"@types/babel__template@*":
  version "7.4.4"
  resolved "https://registry.npmjs.org/@types/babel__template/-/babel__template-7.4.4.tgz"
  dependencies:
    "@babel/parser" "^7.1.0"
    "@babel/types" "^7.0.0"

"@types/babel__traverse@*":
  version "7.20.6"
  resolved "https://registry.npmjs.org/@types/babel__traverse/-/babel__traverse-7.20.6.tgz"
  dependencies:
    "@babel/types" "^7.20.7"

"@types/estree@1.0.6":
  version "1.0.6"
  resolved "https://registry.npmjs.org/@types/estree/-/estree-1.0.6.tgz"

"@types/gensync@^1.0.0":
  version "1.0.4"
  resolved "https://registry.npmjs.org/@types/gensync/-/gensync-1.0.4.tgz"

"@types/node@^22.13.1":
  version "22.13.1"
  resolved "https://registry.npmjs.org/@types/node/-/node-22.13.1.tgz"
  dependencies:
    undici-types "~6.20.0"

"@types/react-dom@19.0.0":
  version "19.0.0"
  resolved "https://registry.npmjs.org/@types/react-dom/-/react-dom-19.0.0.tgz"
  dependencies:
    "@types/react" "*"

"@types/react@*", "@types/react@19.0.0":
  version "19.0.0"
  resolved "https://registry.npmjs.org/@types/react/-/react-19.0.0.tgz"
  dependencies:
    csstype "^3.0.2"

"@vitejs/plugin-react@^4.3.4":
  version "4.3.4"
  resolved "https://registry.npmjs.org/@vitejs/plugin-react/-/plugin-react-4.3.4.tgz"
  dependencies:
    "@babel/core" "^7.26.0"
    "@babel/plugin-transform-react-jsx-self" "^7.25.9"
    "@babel/plugin-transform-react-jsx-source" "^7.25.9"
    "@types/babel__core" "^7.20.5"
    react-refresh "^0.14.2"

aria-hidden@^1.2.4:
  version "1.2.4"
  resolved "https://registry.npmjs.org/aria-hidden/-/aria-hidden-1.2.4.tgz"
  dependencies:
    tslib "^2.0.0"

browserslist@^4.24.0:
  version "4.24.4"
  resolved "https://registry.npmjs.org/browserslist/-/browserslist-4.24.4.tgz"
  dependencies:
    caniuse-lite "^1.0.30001688"
    electron-to-chromium "^1.5.73"
    node-releases "^2.0.19"
    update-browserslist-db "^1.1.1"

caniuse-lite@^1.0.30001688:
  version "1.0.30001699"
  resolved "https://registry.npmjs.org/caniuse-lite/-/caniuse-lite-1.0.30001699.tgz"

class-variance-authority@^0.7.1:
  version "0.7.1"
  resolved "https://registry.npmjs.org/class-variance-authority/-/class-variance-authority-0.7.1.tgz"
  dependencies:
    clsx "^2.1.1"

clsx@^2.1.1:
  version "2.1.1"
  resolved "https://registry.npmjs.org/clsx/-/clsx-2.1.1.tgz"

convert-source-map@^2.0.0:
  version "2.0.0"
  resolved "https://registry.npmjs.org/convert-source-map/-/convert-source-map-2.0.0.tgz"

csstype@^3.0.2:
  version "3.1.3"
  resolved "https://registry.npmjs.org/csstype/-/csstype-3.1.3.tgz"

debug@^4.1.0, debug@^4.3.1:
  version "4.4.0"
  resolved "https://registry.npmjs.org/debug/-/debug-4.4.0.tgz"
  dependencies:
    ms "^2.1.3"

detect-libc@^1.0.3:
  version "1.0.3"
  resolved "https://registry.npmjs.org/detect-libc/-/detect-libc-1.0.3.tgz"

detect-node-es@^1.1.0:
  version "1.1.0"
  resolved "https://registry.npmjs.org/detect-node-es/-/detect-node-es-1.1.0.tgz"

electron-to-chromium@^1.5.73:
  version "1.5.97"
  resolved "https://registry.npmjs.org/electron-to-chromium/-/electron-to-chromium-1.5.97.tgz"

enhanced-resolve@^5.18.0:
  version "5.18.1"
  resolved "https://registry.npmjs.org/enhanced-resolve/-/enhanced-resolve-5.18.1.tgz"
  dependencies:
    graceful-fs "^4.2.4"
    tapable "^2.2.0"

esbuild@^0.24.2:
  version "0.24.2"
  resolved "https://registry.npmjs.org/esbuild/-/esbuild-0.24.2.tgz"
  optionalDependencies:
    "@esbuild/aix-ppc64" "0.24.2"
    "@esbuild/android-arm" "0.24.2"
    "@esbuild/android-arm64" "0.24.2"
    "@esbuild/android-x64" "0.24.2"
    "@esbuild/darwin-arm64" "0.24.2"
    "@esbuild/darwin-x64" "0.24.2"
    "@esbuild/freebsd-arm64" "0.24.2"
    "@esbuild/freebsd-x64" "0.24.2"
    "@esbuild/linux-arm" "0.24.2"
    "@esbuild/linux-arm64" "0.24.2"
    "@esbuild/linux-ia32" "0.24.2"
    "@esbuild/linux-loong64" "0.24.2"
    "@esbuild/linux-mips64el" "0.24.2"
    "@esbuild/linux-ppc64" "0.24.2"
    "@esbuild/linux-riscv64" "0.24.2"
    "@esbuild/linux-s390x" "0.24.2"
    "@esbuild/linux-x64" "0.24.2"
    "@esbuild/netbsd-arm64" "0.24.2"
    "@esbuild/netbsd-x64" "0.24.2"
    "@esbuild/openbsd-arm64" "0.24.2"
    "@esbuild/openbsd-x64" "0.24.2"
    "@esbuild/sunos-x64" "0.24.2"
    "@esbuild/win32-arm64" "0.24.2"
    "@esbuild/win32-ia32" "0.24.2"
    "@esbuild/win32-x64" "0.24.2"

escalade@^3.2.0:
  version "3.2.0"
  resolved "https://registry.npmjs.org/escalade/-/escalade-3.2.0.tgz"

fsevents@~2.3.2, fsevents@~2.3.3:
  version "2.3.3"
  resolved "https://registry.yarnpkg.com/fsevents/-/fsevents-2.3.3.tgz#cac6407785d03675a2a5e1a5305c697b347d90d6"

gensync@^1.0.0-beta.2:
  version "1.0.0-beta.2"
  resolved "https://registry.npmjs.org/gensync/-/gensync-1.0.0-beta.2.tgz"

get-nonce@^1.0.0:
  version "1.0.1"
  resolved "https://registry.npmjs.org/get-nonce/-/get-nonce-1.0.1.tgz"

globals@^11.1.0:
  version "11.12.0"
  resolved "https://registry.npmjs.org/globals/-/globals-11.12.0.tgz"

graceful-fs@^4.2.4:
  version "4.2.11"
  resolved "https://registry.npmjs.org/graceful-fs/-/graceful-fs-4.2.11.tgz"

jiti@^2.4.2:
  version "2.4.2"
  resolved "https://registry.npmjs.org/jiti/-/jiti-2.4.2.tgz"

js-tokens@^4.0.0:
  version "4.0.0"
  resolved "https://registry.npmjs.org/js-tokens/-/js-tokens-4.0.0.tgz"

jsesc@^3.0.2:
  version "3.1.0"
  resolved "https://registry.npmjs.org/jsesc/-/jsesc-3.1.0.tgz"

json5@^2.2.3:
  version "2.2.3"
  resolved "https://registry.npmjs.org/json5/-/json5-2.2.3.tgz"

lightningcss-darwin-arm64@1.29.1:
  version "1.29.1"
  resolved "https://registry.yarnpkg.com/lightningcss-darwin-arm64/-/lightningcss-darwin-arm64-1.29.1.tgz#dce17349c7b9f968f396ec240503de14e7b4870b"

lightningcss-darwin-x64@1.29.1:
  version "1.29.1"
  resolved "https://registry.yarnpkg.com/lightningcss-darwin-x64/-/lightningcss-darwin-x64-1.29.1.tgz#e79c984180c57d00ee114210ceced83473d72dfc"

lightningcss-freebsd-x64@1.29.1:
  version "1.29.1"
  resolved "https://registry.yarnpkg.com/lightningcss-freebsd-x64/-/lightningcss-freebsd-x64-1.29.1.tgz#4b3aec9620684a60c45266d50fd843869320f42f"

lightningcss-linux-arm-gnueabihf@1.29.1:
  version "1.29.1"
  resolved "https://registry.yarnpkg.com/lightningcss-linux-arm-gnueabihf/-/lightningcss-linux-arm-gnueabihf-1.29.1.tgz#b80e9c4dd75652bec451ffd4d5779492a01791ff"

lightningcss-linux-arm64-gnu@1.29.1:
  version "1.29.1"
  resolved "https://registry.yarnpkg.com/lightningcss-linux-arm64-gnu/-/lightningcss-linux-arm64-gnu-1.29.1.tgz#7825eb119ddf580a4a4f011c6f384a3f9c992060"

lightningcss-linux-arm64-musl@1.29.1:
  version "1.29.1"
  resolved "https://registry.yarnpkg.com/lightningcss-linux-arm64-musl/-/lightningcss-linux-arm64-musl-1.29.1.tgz#389efccf80088dce2bb00e28bd7d1cfe36a71669"

lightningcss-linux-x64-gnu@1.29.1:
  version "1.29.1"
  resolved "https://registry.yarnpkg.com/lightningcss-linux-x64-gnu/-/lightningcss-linux-x64-gnu-1.29.1.tgz#98fc5df5e39ac8ddc51e51f785849eb21131f789"

lightningcss-linux-x64-musl@1.29.1:
  version "1.29.1"
  resolved "https://registry.yarnpkg.com/lightningcss-linux-x64-musl/-/lightningcss-linux-x64-musl-1.29.1.tgz#fb4f80895ba7dfa8048ee32e9716a1684fefd6b2"

lightningcss-win32-arm64-msvc@1.29.1:
  version "1.29.1"
  resolved "https://registry.yarnpkg.com/lightningcss-win32-arm64-msvc/-/lightningcss-win32-arm64-msvc-1.29.1.tgz#fd4409fd1505d89d0ff66511c36df5a1379eb7cd"

lightningcss-win32-x64-msvc@1.29.1:
  version "1.29.1"
  resolved "https://registry.npmjs.org/lightningcss-win32-x64-msvc/-/lightningcss-win32-x64-msvc-1.29.1.tgz"

lightningcss@^1.29.1:
  version "1.29.1"
  resolved "https://registry.npmjs.org/lightningcss/-/lightningcss-1.29.1.tgz"
  dependencies:
    detect-libc "^1.0.3"
  optionalDependencies:
    lightningcss-darwin-arm64 "1.29.1"
    lightningcss-darwin-x64 "1.29.1"
    lightningcss-freebsd-x64 "1.29.1"
    lightningcss-linux-arm-gnueabihf "1.29.1"
    lightningcss-linux-arm64-gnu "1.29.1"
    lightningcss-linux-arm64-musl "1.29.1"
    lightningcss-linux-x64-gnu "1.29.1"
    lightningcss-linux-x64-musl "1.29.1"
    lightningcss-win32-arm64-msvc "1.29.1"
    lightningcss-win32-x64-msvc "1.29.1"

lru-cache@^5.1.1:
  version "5.1.1"
  resolved "https://registry.npmjs.org/lru-cache/-/lru-cache-5.1.1.tgz"
  dependencies:
    yallist "^3.0.2"

lucide-react@^0.475.0:
  version "0.475.0"
  resolved "https://registry.npmjs.org/lucide-react/-/lucide-react-0.475.0.tgz"

ms@^2.1.3:
  version "2.1.3"
  resolved "https://registry.npmjs.org/ms/-/ms-2.1.3.tgz"

nanoid@^3.3.8:
  version "3.3.8"
  resolved "https://registry.npmjs.org/nanoid/-/nanoid-3.3.8.tgz"

next-themes@^0.4.4:
  version "0.4.4"
  resolved "https://registry.npmjs.org/next-themes/-/next-themes-0.4.4.tgz"

node-releases@^2.0.19:
  version "2.0.19"
  resolved "https://registry.npmjs.org/node-releases/-/node-releases-2.0.19.tgz"

picocolors@^1.0.0, picocolors@^1.1.1:
  version "1.1.1"
  resolved "https://registry.npmjs.org/picocolors/-/picocolors-1.1.1.tgz"

postcss@^8.5.1:
  version "8.5.2"
  resolved "https://registry.npmjs.org/postcss/-/postcss-8.5.2.tgz"
  dependencies:
    nanoid "^3.3.8"
    picocolors "^1.1.1"
    source-map-js "^1.2.1"

react-dom@19.0.0:
  version "19.0.0"
  resolved "https://registry.npmjs.org/react-dom/-/react-dom-19.0.0.tgz"
  dependencies:
    scheduler "^0.25.0"

react-hook-form@^7.54.2:
  version "7.54.2"
  resolved "https://registry.npmjs.org/react-hook-form/-/react-hook-form-7.54.2.tgz"

react-refresh@^0.14.2:
  version "0.14.2"
  resolved "https://registry.npmjs.org/react-refresh/-/react-refresh-0.14.2.tgz"

react-remove-scroll-bar@^2.3.7:
  version "2.3.8"
  resolved "https://registry.npmjs.org/react-remove-scroll-bar/-/react-remove-scroll-bar-2.3.8.tgz"
  dependencies:
    react-style-singleton "^2.2.2"
    tslib "^2.0.0"

react-remove-scroll@^2.6.3:
  version "2.6.3"
  resolved "https://registry.npmjs.org/react-remove-scroll/-/react-remove-scroll-2.6.3.tgz"
  dependencies:
    react-remove-scroll-bar "^2.3.7"
    react-style-singleton "^2.2.3"
    tslib "^2.1.0"
    use-callback-ref "^1.3.3"
    use-sidecar "^1.1.3"

react-style-singleton@^2.2.2, react-style-singleton@^2.2.3:
  version "2.2.3"
  resolved "https://registry.npmjs.org/react-style-singleton/-/react-style-singleton-2.2.3.tgz"
  dependencies:
    get-nonce "^1.0.0"
    tslib "^2.0.0"

react@19.0.0:
  version "19.0.0"
  resolved "https://registry.npmjs.org/react/-/react-19.0.0.tgz"

rollup@^4.30.1:
  version "4.34.6"
  resolved "https://registry.npmjs.org/rollup/-/rollup-4.34.6.tgz"
  dependencies:
    "@types/estree" "1.0.6"
  optionalDependencies:
    "@rollup/rollup-android-arm-eabi" "4.34.6"
    "@rollup/rollup-android-arm64" "4.34.6"
    "@rollup/rollup-darwin-arm64" "4.34.6"
    "@rollup/rollup-darwin-x64" "4.34.6"
    "@rollup/rollup-freebsd-arm64" "4.34.6"
    "@rollup/rollup-freebsd-x64" "4.34.6"
    "@rollup/rollup-linux-arm-gnueabihf" "4.34.6"
    "@rollup/rollup-linux-arm-musleabihf" "4.34.6"
    "@rollup/rollup-linux-arm64-gnu" "4.34.6"
    "@rollup/rollup-linux-arm64-musl" "4.34.6"
    "@rollup/rollup-linux-loongarch64-gnu" "4.34.6"
    "@rollup/rollup-linux-powerpc64le-gnu" "4.34.6"
    "@rollup/rollup-linux-riscv64-gnu" "4.34.6"
    "@rollup/rollup-linux-s390x-gnu" "4.34.6"
    "@rollup/rollup-linux-x64-gnu" "4.34.6"
    "@rollup/rollup-linux-x64-musl" "4.34.6"
    "@rollup/rollup-win32-arm64-msvc" "4.34.6"
    "@rollup/rollup-win32-ia32-msvc" "4.34.6"
    "@rollup/rollup-win32-x64-msvc" "4.34.6"
    fsevents "~2.3.2"

scheduler@^0.25.0:
  version "0.25.0"
  resolved "https://registry.npmjs.org/scheduler/-/scheduler-0.25.0.tgz"

semver@^6.3.1:
  version "6.3.1"
  resolved "https://registry.npmjs.org/semver/-/semver-6.3.1.tgz"

"simple-token-generator@file:.":
  version "1.0.0"
  dependencies:
    "@hookform/resolvers" "^4.0.0"
    "@radix-ui/react-checkbox" "^1.1.4"
    "@radix-ui/react-dialog" "^1.1.6"
    "@radix-ui/react-label" "^2.1.2"
    "@radix-ui/react-radio-group" "^1.2.3"
    "@radix-ui/react-slot" "^1.1.2"
    "@radix-ui/react-tooltip" "^1.1.8"
    "@tailwindcss/vite" "^4.0.6"
    "@tauri-apps/api" "^2"
    "@tauri-apps/plugin-clipboard-manager" "~2"
    "@tauri-apps/plugin-opener" "^2"
    class-variance-authority "^0.7.1"
    clsx "^2.1.1"
    lucide-react "^0.475.0"
    next-themes "^0.4.4"
    react "19.0.0"
    react-dom "19.0.0"
    react-hook-form "^7.54.2"
    simple-token-generator "file:../../../../../AppData/Local/Yarn/cache/v1/npm-simple-token-generator-1.0.0-0a31a6cd-f584-4281-9d2d-9aa3aed5623c-1781879034958"
    sonner "^1.7.4"
    tailwind-merge "^3.0.1"
    tailwindcss "^4.0.6"
    tailwindcss-animate "^1.0.7"
    zod "^3.24.1"

sonner@^1.7.4:
  version "1.7.4"
  resolved "https://registry.npmjs.org/sonner/-/sonner-1.7.4.tgz"

source-map-js@^1.2.1:
  version "1.2.1"
  resolved "https://registry.npmjs.org/source-map-js/-/source-map-js-1.2.1.tgz"

tailwind-merge@^3.0.1:
  version "3.0.1"
  resolved "https://registry.npmjs.org/tailwind-merge/-/tailwind-merge-3.0.1.tgz"

tailwindcss-animate@^1.0.7:
  version "1.0.7"
  resolved "https://registry.npmjs.org/tailwindcss-animate/-/tailwindcss-animate-1.0.7.tgz"

tailwindcss@4.0.6, tailwindcss@^4.0.6:
  version "4.0.6"
  resolved "https://registry.npmjs.org/tailwindcss/-/tailwindcss-4.0.6.tgz"

tapable@^2.2.0:
  version "2.2.1"
  resolved "https://registry.npmjs.org/tapable/-/tapable-2.2.1.tgz"

tslib@^2.0.0, tslib@^2.1.0:
  version "2.8.1"
  resolved "https://registry.npmjs.org/tslib/-/tslib-2.8.1.tgz"

typescript@~5.6.2:
  version "5.6.3"
  resolved "https://registry.npmjs.org/typescript/-/typescript-5.6.3.tgz"

undici-types@~6.20.0:
  version "6.20.0"
  resolved "https://registry.npmjs.org/undici-types/-/undici-types-6.20.0.tgz"

update-browserslist-db@^1.1.1:
  version "1.1.2"
  resolved "https://registry.npmjs.org/update-browserslist-db/-/update-browserslist-db-1.1.2.tgz"
  dependencies:
    escalade "^3.2.0"
    picocolors "^1.1.1"

use-callback-ref@^1.3.3:
  version "1.3.3"
  resolved "https://registry.npmjs.org/use-callback-ref/-/use-callback-ref-1.3.3.tgz"
  dependencies:
    tslib "^2.0.0"

use-sidecar@^1.1.3:
  version "1.1.3"
  resolved "https://registry.npmjs.org/use-sidecar/-/use-sidecar-1.1.3.tgz"
  dependencies:
    detect-node-es "^1.1.0"
    tslib "^2.0.0"

vite@^6.0.3:
  version "6.1.0"
  resolved "https://registry.npmjs.org/vite/-/vite-6.1.0.tgz"
  dependencies:
    esbuild "^0.24.2"
    postcss "^8.5.1"
    rollup "^4.30.1"
  optionalDependencies:
    fsevents "~2.3.3"

yallist@^3.0.2:
  version "3.1.1"
  resolved "https://registry.npmjs.org/yallist/-/yallist-3.1.1.tgz"

zod@^3.24.1:
  version "3.24.1"
  resolved "https://registry.npmjs.org/zod/-/zod-3.24.1.tgz"
